// !$*UTF8*$!
{
	archiveVersion = 1;
	classes = {
	};
	objectVersion = 48;
	objects = {

/* Begin PBXBuildFile section */
		1D9B8FB2EF023BDE8677005A /* Pods_TrainGraph.framework in Frameworks */ = {isa = PBXBuildFile; fileRef = D43177AA07F180340639FE7F /* Pods_TrainGraph.framework */; };
		F500E51B207CC5710082E6CC /* AppDelegate.swift in Sources */ = {isa = PBXBuildFile; fileRef = F500E51A207CC5710082E6CC /* AppDelegate.swift */; };
		F500E51D207CC5710082E6CC /* ViewController.swift in Sources */ = {isa = PBXBuildFile; fileRef = F500E51C207CC5710082E6CC /* ViewController.swift */; };
		F500E520207CC5710082E6CC /* Main.storyboard in Resources */ = {isa = PBXBuildFile; fileRef = F500E51E207CC5710082E6CC /* Main.storyboard */; };
		F500E522207CC5710082E6CC /* Assets.xcassets in Resources */ = {isa = PBXBuildFile; fileRef = F500E521207CC5710082E6CC /* Assets.xcassets */; };
		F500E525207CC5710082E6CC /* LaunchScreen.storyboard in Resources */ = {isa = PBXBuildFile; fileRef = F500E523207CC5710082E6CC /* LaunchScreen.storyboard */; };
		F53A7D3D207E02DB001DD669 /* CustomView.swift in Sources */ = {isa = PBXBuildFile; fileRef = F53A7D3C207E02DB001DD669 /* CustomView.swift */; };
/* End PBXBuildFile section */

/* Begin PBXFileReference section */
		47BB1473F40EA7177D6E3ADF /* Pods-TrainGraph.release.xcconfig */ = {isa = PBXFileReference; includeInIndex = 1; lastKnownFileType = text.xcconfig; name = "Pods-TrainGraph.release.xcconfig"; path = "Pods/Target Support Files/Pods-TrainGraph/Pods-TrainGraph.release.xcconfig"; sourceTree = "<group>"; };
		BA0C849F5677084CF9B4DC7B /* Pods-TrainGraph.debug.xcconfig */ = {isa = PBXFileReference; includeInIndex = 1; lastKnownFileType = text.xcconfig; name = "Pods-TrainGraph.debug.xcconfig"; path = "Pods/Target Support Files/Pods-TrainGraph/Pods-TrainGraph.debug.xcconfig"; sourceTree = "<group>"; };
		D43177AA07F180340639FE7F /* Pods_TrainGraph.framework */ = {isa = PBXFileReference; explicitFileType = wrapper.framework; includeInIndex = 0; path = Pods_TrainGraph.framework; sourceTree = BUILT_PRODUCTS_DIR; };
		F500E517207CC5710082E6CC /* TrainGraph.app */ = {isa = PBXFileReference; explicitFileType = wrapper.application; includeInIndex = 0; path = TrainGraph.app; sourceTree = BUILT_PRODUCTS_DIR; };
		F500E51A207CC5710082E6CC /* AppDelegate.swift */ = {isa = PBXFileReference; lastKnownFileType = sourcecode.swift; path = AppDelegate.swift; sourceTree = "<group>"; };
		F500E51C207CC5710082E6CC /* ViewController.swift */ = {isa = PBXFileReference; lastKnownFileType = sourcecode.swift; path = ViewController.swift; sourceTree = "<group>"; };
		F500E51F207CC5710082E6CC /* Base */ = {isa = PBXFileReference; lastKnownFileType = file.storyboard; name = Base; path = Base.lproj/Main.storyboard; sourceTree = "<group>"; };
		F500E521207CC5710082E6CC /* Assets.xcassets */ = {isa = PBXFileReference; lastKnownFileType = folder.assetcatalog; path = Assets.xcassets; sourceTree = "<group>"; };
		F500E524207CC5710082E6CC /* Base */ = {isa = PBXFileReference; lastKnownFileType = file.storyboard; name = Base; path = Base.lproj/LaunchScreen.storyboard; sourceTree = "<group>"; };
		F500E526207CC5710082E6CC /* Info.plist */ = {isa = PBXFileReference; lastKnownFileType = text.plist.xml; path = Info.plist; sourceTree = "<group>"; };
		F53A7D3C207E02DB001DD669 /* CustomView.swift */ = {isa = PBXFileReference; lastKnownFileType = sourcecode.swift; path = CustomView.swift; sourceTree = "<group>"; };
/* End PBXFileReference section */

/* Begin PBXFrameworksBuildPhase section */
		F500E514207CC5710082E6CC /* Frameworks */ = {
			isa = PBXFrameworksBuildPhase;
			buildActionMask = 2147483647;
			files = (
				1D9B8FB2EF023BDE8677005A /* Pods_TrainGraph.framework in Frameworks */,
			);
			runOnlyForDeploymentPostprocessing = 0;
		};
/* End PBXFrameworksBuildPhase section */

/* Begin PBXGroup section */
		8F6DA7C801EB0D25B59FE6BB /* Pods */ = {
			isa = PBXGroup;
			children = (
				BA0C849F5677084CF9B4DC7B /* Pods-TrainGraph.debug.xcconfig */,
				47BB1473F40EA7177D6E3ADF /* Pods-TrainGraph.release.xcconfig */,
			);
			name = Pods;
			sourceTree = "<group>";
		};
		C19158469C8864A5DF13A414 /* Frameworks */ = {
			isa = PBXGroup;
			children = (
				D43177AA07F180340639FE7F /* Pods_TrainGraph.framework */,
			);
			name = Frameworks;
			sourceTree = "<group>";
		};
		F500E50E207CC5710082E6CC = {
			isa = PBXGroup;
			children = (
				F500E519207CC5710082E6CC /* TrainGraph */,
				F500E518207CC5710082E6CC /* Products */,
				8F6DA7C801EB0D25B59FE6BB /* Pods */,
				C19158469C8864A5DF13A414 /* Frameworks */,
			);
			sourceTree = "<group>";
		};
		F500E518207CC5710082E6CC /* Products */ = {
			isa = PBXGroup;
			children = (
				F500E517207CC5710082E6CC /* TrainGraph.app */,
			);
			name = Products;
			sourceTree = "<group>";
		};
		F500E519207CC5710082E6CC /* TrainGraph */ = {
			isa = PBXGroup;
			children = (
				F500E51A207CC5710082E6CC /* AppDelegate.swift */,
				F500E51C207CC5710082E6CC /* ViewController.swift */,
				F500E51E207CC5710082E6CC /* Main.storyboard */,
				F500E521207CC5710082E6CC /* Assets.xcassets */,
				F500E523207CC5710082E6CC /* LaunchScreen.storyboard */,
				F500E526207CC5710082E6CC /* Info.plist */,
				F53A7D3C207E02DB001DD669 /* CustomView.swift */,
			);
			path = TrainGraph;
			sourceTree = "<group>";
		};
/* End PBXGroup section */

/* Begin PBXNativeTarget section */
		F500E516207CC5710082E6CC /* TrainGraph */ = {
			isa = PBXNativeTarget;
			buildConfigurationList = F500E529207CC5710082E6CC /* Build configuration list for PBXNativeTarget "TrainGraph" */;
			buildPhases = (
				530745B764A0BC9489FA0653 /* [CP] Check Pods Manifest.lock */,
				F500E513207CC5710082E6CC /* Sources */,
				F500E514207CC5710082E6CC /* Frameworks */,
				F500E515207CC5710082E6CC /* Resources */,
				BCDB555945E75C9FA1BFD02E /* [CP] Embed Pods Frameworks */,
				0F50CF1AC1ABA4ACF04DF7A1 /* [CP] Copy Pods Resources */,
			);
			buildRules = (
			);
			dependencies = (
			);
			name = TrainGraph;
			productName = TrainGraph;
			productReference = F500E517207CC5710082E6CC /* TrainGraph.app */;
			productType = "com.apple.product-type.application";
		};
/* End PBXNativeTarget section */

/* Begin PBXProject section */
		F500E50F207CC5710082E6CC /* Project object */ = {
			isa = PBXProject;
			attributes = {
				LastSwiftUpdateCheck = 0920;
				LastUpgradeCheck = 0920;
				ORGANIZATIONNAME = misternay;
				TargetAttributes = {
					F500E516207CC5710082E6CC = {
						CreatedOnToolsVersion = 9.2;
						ProvisioningStyle = Automatic;
					};
				};
			};
			buildConfigurationList = F500E512207CC5710082E6CC /* Build configuration list for PBXProject "TrainGraph" */;
			compatibilityVersion = "Xcode 8.0";
			developmentRegion = en;
			hasScannedForEncodings = 0;
			knownRegions = (
				en,
				Base,
			);
			mainGroup = F500E50E207CC5710082E6CC;
			productRefGroup = F500E518207CC5710082E6CC /* Products */;
			projectDirPath = "";
			projectRoot = "";
			targets = (
				F500E516207CC5710082E6CC /* TrainGraph */,
			);
		};
/* End PBXProject section */

/* Begin PBXResourcesBuildPhase section */
		F500E515207CC5710082E6CC /* Resources */ = {
			isa = PBXResourcesBuildPhase;
			buildActionMask = 2147483647;
			files = (
				F500E525207CC5710082E6CC /* LaunchScreen.storyboard in Resources */,
				F500E522207CC5710082E6CC /* Assets.xcassets in Resources */,
				F500E520207CC5710082E6CC /* Main.storyboard in Resources */,
			);
			runOnlyForDeploymentPostprocessing = 0;
		};
/* End PBXResourcesBuildPhase section */

/* Begin PBXShellScriptBuildPhase section */
		0F50CF1AC1ABA4ACF04DF7A1 /* [CP] Copy Pods Resources */ = {
			isa = PBXShellScriptBuildPhase;
			buildActionMask = 2147483647;
			files = (
			);
			inputPaths = (
			);
			name = "[CP] Copy Pods Resources";
			outputPaths = (
			);
			runOnlyForDeploymentPostprocessing = 0;
			shellPath = /bin/sh;
			shellScript = "\"${SRCROOT}/Pods/Target Support Files/Pods-TrainGraph/Pods-TrainGraph-resources.sh\"\n";
			showEnvVarsInLog = 0;
		};
		530745B764A0BC9489FA0653 /* [CP] Check Pods Manifest.lock */ = {
			isa = PBXShellScriptBuildPhase;
			buildActionMask = 2147483647;
			files = (
			);
			inputPaths = (
				"${PODS_PODFILE_DIR_PATH}/Podfile.lock",
				"${PODS_ROOT}/Manifest.lock",
			);
			name = "[CP] Check Pods Manifest.lock";
			outputPaths = (
				"$(DERIVED_FILE_DIR)/Pods-TrainGraph-checkManifestLockResult.txt",
			);
			runOnlyForDeploymentPostprocessing = 0;
			shellPath = /bin/sh;
			shellScript = "diff \"${PODS_PODFILE_DIR_PATH}/Podfile.lock\" \"${PODS_ROOT}/Manifest.lock\" > /dev/null\nif [ $? != 0 ] ; then\n    # print error to STDERR\n    echo \"error: The sandbox is not in sync with the Podfile.lock. Run 'pod install' or update your CocoaPods installation.\" >&2\n    exit 1\nfi\n# This output is used by Xcode 'outputs' to avoid re-running this script phase.\necho \"SUCCESS\" > \"${SCRIPT_OUTPUT_FILE_0}\"\n";
			showEnvVarsInLog = 0;
		};
		BCDB555945E75C9FA1BFD02E /* [CP] Embed Pods Frameworks */ = {
			isa = PBXShellScriptBuildPhase;
			buildActionMask = 2147483647;
			files = (
			);
			inputPaths = (
				"${SRCROOT}/Pods/Target Support Files/Pods-TrainGraph/Pods-TrainGraph-frameworks.sh",
				"${BUILT_PRODUCTS_DIR}/Charts/Charts.framework",
				"${BUILT_PRODUCTS_DIR}/PieCharts/PieCharts.framework",
			);
			name = "[CP] Embed Pods Frameworks";
			outputPaths = (
				"${TARGET_BUILD_DIR}/${FRAMEWORKS_FOLDER_PATH}/Charts.framework",
				"${TARGET_BUILD_DIR}/${FRAMEWORKS_FOLDER_PATH}/PieCharts.framework",
			);
			runOnlyForDeploymentPostprocessing = 0;
			shellPath = /bin/sh;
			shellScript = "\"${SRCROOT}/Pods/Target Support Files/Pods-TrainGraph/Pods-TrainGraph-frameworks.sh\"\n";
			showEnvVarsInLog = 0;
		};
/* End PBXShellScriptBuildPhase section */

/* Begin PBXSourcesBuildPhase section */
		F500E513207CC5710082E6CC /* Sources */ = {
			isa = PBXSourcesBuildPhase;
			buildActionMask = 2147483647;
			files = (
				F53A7D3D207E02DB001DD669 /* CustomView.swift in Sources */,
				F500E51D207CC5710082E6CC /* ViewController.swift in Sources */,
				F500E51B207CC5710082E6CC /* AppDelegate.swift in Sources */,
			);
			runOnlyForDeploymentPostprocessing = 0;
		};
/* End PBXSourcesBuildPhase section */

/* Begin PBXVariantGroup section */
		F500E51E207CC5710082E6CC /* Main.storyboard */ = {
			isa = PBXVariantGroup;
			children = (
				F500E51F207CC5710082E6CC /* Base */,
			);
			name = Main.storyboard;
			sourceTree = "<group>";
		};
		F500E523207CC5710082E6CC /* LaunchScreen.storyboard */ = {
			isa = PBXVariantGroup;
			children = (
				F500E524207CC5710082E6CC /* Base */,
			);
			name = LaunchScreen.storyboard;
			sourceTree = "<group>";
		};
/* End PBXVariantGroup section */

/* Begin XCBuildConfiguration section */
		F500E527207CC5710082E6CC /* Debug */ = {
			isa = XCBuildConfiguration;
			buildSettings = {
				ALWAYS_SEARCH_USER_PATHS = NO;
				CLANG_ANALYZER_NONNULL = YES;
				CLANG_ANALYZER_NUMBER_OBJECT_CONVERSION = YES_AGGRESSIVE;
				CLANG_CXX_LANGUAGE_STANDARD = "gnu++14";
				CLANG_CXX_LIBRARY = "libc++";
				CLANG_ENABLE_MODULES = YES;
				CLANG_ENABLE_OBJC_ARC = YES;
				CLANG_WARN_BLOCK_CAPTURE_AUTORELEASING = YES;
				CLANG_WARN_BOOL_CONVERSION = YES;
				CLANG_WARN_COMMA = YES;
				CLANG_WARN_CONSTANT_CONVERSION = YES;
				CLANG_WARN_DIRECT_OBJC_ISA_USAGE = YES_ERROR;
				CLANG_WARN_DOCUMENTATION_COMMENTS = YES;
				CLANG_WARN_EMPTY_BODY = YES;
				CLANG_WARN_ENUM_CONVERSION = YES;
				CLANG_WARN_INFINITE_RECURSION = YES;
				CLANG_WARN_INT_CONVERSION = YES;
				CLANG_WARN_NON_LITERAL_NULL_CONVERSION = YES;
				CLANG_WARN_OBJC_LITERAL_CONVERSION = YES;
				CLANG_WARN_OBJC_ROOT_CLASS = YES_ERROR;
				CLANG_WARN_RANGE_LOOP_ANALYSIS = YES;
				CLANG_WARN_STRICT_PROTOTYPES = YES;
				CLANG_WARN_SUSPICIOUS_MOVE = YES;
				CLANG_WARN_UNGUARDED_AVAILABILITY = YES_AGGRESSIVE;
				CLANG_WARN_UNREACHABLE_CODE = YES;
				CLANG_WARN__DUPLICATE_METHOD_MATCH = YES;
				CODE_SIGN_IDENTITY = "iPhone Developer";
				COPY_PHASE_STRIP = NO;
				DEBUG_INFORMATION_FORMAT = dwarf;
				ENABLE_STRICT_OBJC_MSGSEND = YES;
				ENABLE_TESTABILITY = YES;
				GCC_C_LANGUAGE_STANDARD = gnu11;
				GCC_DYNAMIC_NO_PIC = NO;
				GCC_NO_COMMON_BLOCKS = YES;
				GCC_OPTIMIZATION_LEVEL = 0;
				GCC_PREPROCESSOR_DEFINITIONS = (
					"DEBUG=1",
					"$(inherited)",
				);
				GCC_WARN_64_TO_32_BIT_CONVERSION = YES;
				GCC_WARN_ABOUT_RETURN_TYPE = YES_ERROR;
				GCC_WARN_UNDECLARED_SELECTOR = YES;
				GCC_WARN_UNINITIALIZED_AUTOS = YES_AGGRESSIVE;
				GCC_WARN_UNUSED_FUNCTION = YES;
				GCC_WARN_UNUSED_VARIABLE = YES;
				IPHONEOS_DEPLOYMENT_TARGET = 11.2;
				MTL_ENABLE_DEBUG_INFO = YES;
				ONLY_ACTIVE_ARCH = YES;
				SDKROOT = iphoneos;
				SWIFT_ACTIVE_COMPILATION_CONDITIONS = DEBUG;
				SWIFT_OPTIMIZATION_LEVEL = "-Onone";
			};
			name = Debug;
		};
		F500E528207CC5710082E6CC /* Release */ = {
			isa = XCBuildConfiguration;
			buildSettings = {
				ALWAYS_SEARCH_USER_PATHS = NO;
				CLANG_ANALYZER_NONNULL = YES;
				CLANG_ANALYZER_NUMBER_OBJECT_CONVERSION = YES_AGGRESSIVE;
				CLANG_CXX_LANGUAGE_STANDARD = "gnu++14";
				CLANG_CXX_LIBRARY = "libc++";
				CLANG_ENABLE_MODULES = YES;
				CLANG_ENABLE_OBJC_ARC = YES;
				CLANG_WARN_BLOCK_CAPTURE_AUTORELEASING = YES;
				CLANG_WARN_BOOL_CONVERSION = YES;
				CLANG_WARN_COMMA = YES;
				CLANG_WARN_CONSTANT_CONVERSION = YES;
				CLANG_WARN_DIRECT_OBJC_ISA_USAGE = YES_ERROR;
				CLANG_WARN_DOCUMENTATION_COMMENTS = YES;
				CLANG_WARN_EMPTY_BODY = YES;
				CLANG_WARN_ENUM_CONVERSION = YES;
				CLANG_WARN_INFINITE_RECURSION = YES;
				CLANG_WARN_INT_CONVERSION = YES;
				CLANG_WARN_NON_LITERAL_NULL_CONVERSION = YES;
				CLANG_WARN_OBJC_LITERAL_CONVERSION = YES;
				CLANG_WARN_OBJC_ROOT_CLASS = YES_ERROR;
				CLANG_WARN_RANGE_LOOP_ANALYSIS = YES;
				CLANG_WARN_STRICT_PROTOTYPES = YES;
				CLANG_WARN_SUSPICIOUS_MOVE = YES;
				CLANG_WARN_UNGUARDED_AVAILABILITY = YES_AGGRESSIVE;
				CLANG_WARN_UNREACHABLE_CODE = YES;
				CLANG_WARN__DUPLICATE_METHOD_MATCH = YES;
				CODE_SIGN_IDENTITY = "iPhone Developer";
				COPY_PHASE_STRIP = NO;
				DEBUG_INFORMATION_FORMAT = "dwarf-with-dsym";
				ENABLE_NS_ASSERTIONS = NO;
				ENABLE_STRICT_OBJC_MSGSEND = YES;
				GCC_C_LANGUAGE_STANDARD = gnu11;
				GCC_NO_COMMON_BLOCKS = YES;
				GCC_WARN_64_TO_32_BIT_CONVERSION = YES;
				GCC_WARN_ABOUT_RETURN_TYPE = YES_ERROR;
				GCC_WARN_UNDECLARED_SELECTOR = YES;
				GCC_WARN_UNINITIALIZED_AUTOS = YES_AGGRESSIVE;
				GCC_WARN_UNUSED_FUNCTION = YES;
				GCC_WARN_UNUSED_VARIABLE = YES;
				IPHONEOS_DEPLOYMENT_TARGET = 11.2;
				MTL_ENABLE_DEBUG_INFO = NO;
				SDKROOT = iphoneos;
				SWIFT_OPTIMIZATION_LEVEL = "-Owholemodule";
				VALIDATE_PRODUCT = YES;
			};
			name = Release;
		};
		F500E52A207CC5710082E6CC /* Debug */ = {
			isa = XCBuildConfiguration;
			baseConfigurationReference = BA0C849F5677084CF9B4DC7B /* Pods-TrainGraph.debug.xcconfig */;
			buildSettings = {
				ASSETCATALOG_COMPILER_APPICON_NAME = AppIcon;
				CODE_SIGN_STYLE = Automatic;
				DEVELOPMENT_TEAM = K3QRE33UEH;
				INFOPLIST_FILE = TrainGraph/Info.plist;
				LD_RUNPATH_SEARCH_PATHS = "$(inherited) @executable_path/Frameworks";
				PRODUCT_BUNDLE_IDENTIFIER = com.example.TrainGraph;
				PRODUCT_NAME = "$(TARGET_NAME)";
				SWIFT_VERSION = 4.0;
				TARGETED_DEVICE_FAMILY = "1,2";
			};
			name = Debug;
		};
		F500E52B207CC5710082E6CC /* Release */ = {
			isa = XCBuildConfiguration;
			baseConfigurationReference = 47BB1473F40EA7177D6E3ADF /* Pods-TrainGraph.release.xcconfig */;
			buildSettings = {
				ASSETCATALOG_COMPILER_APPICON_NAME = AppIcon;
				CODE_SIGN_STYLE = Automatic;
				DEVELOPMENT_TEAM = K3QRE33UEH;
				INFOPLIST_FILE = TrainGraph/Info.plist;
				LD_RUNPATH_SEARCH_PATHS = "$(inherited) @executable_path/Frameworks";
				PRODUCT_BUNDLE_IDENTIFIER = com.example.TrainGraph;
				PRODUCT_NAME = "$(TARGET_NAME)";
				SWIFT_VERSION = 4.0;
				TARGETED_DEVICE_FAMILY = "1,2";
			};
			name = Release;
		};
/* End XCBuildConfiguration section */

/* Begin XCConfigurationList section */
		F500E512207CC5710082E6CC /* Build configuration list for PBXProject "TrainGraph" */ = {
			isa = XCConfigurationList;
			buildConfigurations = (
				F500E527207CC5710082E6CC /* Debug */,
				F500E528207CC5710082E6CC /* Release */,
			);
			defaultConfigurationIsVisible = 0;
			defaultConfigurationName = Release;
		};
		F500E529207CC5710082E6CC /* Build configuration list for PBXNativeTarget "TrainGraph" */ = {
			isa = XCConfigurationList;
			buildConfigurations = (
				F500E52A207CC5710082E6CC /* Debug */,
				F500E52B207CC5710082E6CC /* Release */,
			);
			defaultConfigurationIsVisible = 0;
			defaultConfigurationName = Release;
		};
/* End XCConfigurationList section */
	};
	rootObject = F500E50F207CC5710082E6CC /* Project object */;
}
